// !$*UTF8*$!
{
	archiveVersion = 1;
	classes = {
	};
	objectVersion = 55;
	objects = {

/* Begin PBXBuildFile section */
		A65B5BB990D65B8BB7B6D366 /* Pods_KakaoT_Practice.framework in Frameworks */ = {isa = PBXBuildFile; fileRef = 7B54B8EEA373E2848A6C59AE /* Pods_KakaoT_Practice.framework */; };
		E209607A27D1210200C56867 /* AppDelegate.swift in Sources */ = {isa = PBXBuildFile; fileRef = E209607927D1210200C56867 /* AppDelegate.swift */; };
		E209607C27D1210200C56867 /* SceneDelegate.swift in Sources */ = {isa = PBXBuildFile; fileRef = E209607B27D1210200C56867 /* SceneDelegate.swift */; };
		E209607E27D1210200C56867 /* ViewController.swift in Sources */ = {isa = PBXBuildFile; fileRef = E209607D27D1210200C56867 /* ViewController.swift */; };
		E209608327D1210400C56867 /* Assets.xcassets in Resources */ = {isa = PBXBuildFile; fileRef = E209608227D1210400C56867 /* Assets.xcassets */; };
		E209608627D1210400C56867 /* LaunchScreen.storyboard in Resources */ = {isa = PBXBuildFile; fileRef = E209608427D1210400C56867 /* LaunchScreen.storyboard */; };
		E209609427D12D5A00C56867 /* Color.swift in Sources */ = {isa = PBXBuildFile; fileRef = E209609327D12D5A00C56867 /* Color.swift */; };
		E209609627D12E4500C56867 /* Color.xcassets in Resources */ = {isa = PBXBuildFile; fileRef = E209609527D12E4500C56867 /* Color.xcassets */; };
/* End PBXBuildFile section */

/* Begin PBXFileReference section */
		279A1DBA329F20FB62CBFD7E /* Pods-KakaoT-Practice.release.xcconfig */ = {isa = PBXFileReference; includeInIndex = 1; lastKnownFileType = text.xcconfig; name = "Pods-KakaoT-Practice.release.xcconfig"; path = "Target Support Files/Pods-KakaoT-Practice/Pods-KakaoT-Practice.release.xcconfig"; sourceTree = "<group>"; };
		7B54B8EEA373E2848A6C59AE /* Pods_KakaoT_Practice.framework */ = {isa = PBXFileReference; explicitFileType = wrapper.framework; includeInIndex = 0; path = Pods_KakaoT_Practice.framework; sourceTree = BUILT_PRODUCTS_DIR; };
		A31226D72854B7A521A6C5E0 /* Pods-KakaoT-Practice.debug.xcconfig */ = {isa = PBXFileReference; includeInIndex = 1; lastKnownFileType = text.xcconfig; name = "Pods-KakaoT-Practice.debug.xcconfig"; path = "Target Support Files/Pods-KakaoT-Practice/Pods-KakaoT-Practice.debug.xcconfig"; sourceTree = "<group>"; };
		E209607627D1210200C56867 /* KakaoT-Practice.app */ = {isa = PBXFileReference; explicitFileType = wrapper.application; includeInIndex = 0; path = "KakaoT-Practice.app"; sourceTree = BUILT_PRODUCTS_DIR; };
		E209607927D1210200C56867 /* AppDelegate.swift */ = {isa = PBXFileReference; lastKnownFileType = sourcecode.swift; path = AppDelegate.swift; sourceTree = "<group>"; };
		E209607B27D1210200C56867 /* SceneDelegate.swift */ = {isa = PBXFileReference; lastKnownFileType = sourcecode.swift; path = SceneDelegate.swift; sourceTree = "<group>"; };
		E209607D27D1210200C56867 /* ViewController.swift */ = {isa = PBXFileReference; lastKnownFileType = sourcecode.swift; path = ViewController.swift; sourceTree = "<group>"; };
		E209608227D1210400C56867 /* Assets.xcassets */ = {isa = PBXFileReference; lastKnownFileType = folder.assetcatalog; path = Assets.xcassets; sourceTree = "<group>"; };
		E209608527D1210400C56867 /* Base */ = {isa = PBXFileReference; lastKnownFileType = file.storyboard; name = Base; path = Base.lproj/LaunchScreen.storyboard; sourceTree = "<group>"; };
		E209608727D1210400C56867 /* Info.plist */ = {isa = PBXFileReference; lastKnownFileType = text.plist.xml; path = Info.plist; sourceTree = "<group>"; };
		E209609327D12D5A00C56867 /* Color.swift */ = {isa = PBXFileReference; lastKnownFileType = sourcecode.swift; path = Color.swift; sourceTree = "<group>"; };
		E209609527D12E4500C56867 /* Color.xcassets */ = {isa = PBXFileReference; lastKnownFileType = folder.assetcatalog; path = Color.xcassets; sourceTree = "<group>"; };
/* End PBXFileReference section */

/* Begin PBXFrameworksBuildPhase section */
		E209607327D1210200C56867 /* Frameworks */ = {
			isa = PBXFrameworksBuildPhase;
			buildActionMask = 2147483647;
			files = (
				A65B5BB990D65B8BB7B6D366 /* Pods_KakaoT_Practice.framework in Frameworks */,
			);
			runOnlyForDeploymentPostprocessing = 0;
		};
/* End PBXFrameworksBuildPhase section */

/* Begin PBXGroup section */
		1000D7585C56FF63831CBF3E /* Pods */ = {
			isa = PBXGroup;
			children = (
				A31226D72854B7A521A6C5E0 /* Pods-KakaoT-Practice.debug.xcconfig */,
				279A1DBA329F20FB62CBFD7E /* Pods-KakaoT-Practice.release.xcconfig */,
			);
			name = Pods;
			path = Pods;
			sourceTree = "<group>";
		};
		373DD6C43BE9BB09E6134994 /* Frameworks */ = {
			isa = PBXGroup;
			children = (
				7B54B8EEA373E2848A6C59AE /* Pods_KakaoT_Practice.framework */,
			);
			name = Frameworks;
			sourceTree = "<group>";
		};
		E209606D27D1210200C56867 = {
			isa = PBXGroup;
			children = (
				E209607827D1210200C56867 /* KakaoT-Practice */,
				E209607727D1210200C56867 /* Products */,
				1000D7585C56FF63831CBF3E /* Pods */,
				373DD6C43BE9BB09E6134994 /* Frameworks */,
			);
			sourceTree = "<group>";
		};
		E209607727D1210200C56867 /* Products */ = {
			isa = PBXGroup;
			children = (
				E209607627D1210200C56867 /* KakaoT-Practice.app */,
			);
			name = Products;
			sourceTree = "<group>";
		};
		E209607827D1210200C56867 /* KakaoT-Practice */ = {
			isa = PBXGroup;
			children = (
				E209608F27D1239200C56867 /* Global */,
				E209608E27D1238900C56867 /* Source */,
				E209608D27D1237B00C56867 /* Resource */,
			);
			path = "KakaoT-Practice";
			sourceTree = "<group>";
		};
		E209608D27D1237B00C56867 /* Resource */ = {
			isa = PBXGroup;
			children = (
				E209609127D1258B00C56867 /* Asset */,
				E209608727D1210400C56867 /* Info.plist */,
				E209608427D1210400C56867 /* LaunchScreen.storyboard */,
			);
			path = Resource;
			sourceTree = "<group>";
		};
		E209608E27D1238900C56867 /* Source */ = {
			isa = PBXGroup;
			children = (
				E209607D27D1210200C56867 /* ViewController.swift */,
			);
			path = Source;
			sourceTree = "<group>";
		};
		E209608F27D1239200C56867 /* Global */ = {
			isa = PBXGroup;
			children = (
				E209609227D12D0400C56867 /* Constant */,
				E209609027D1254C00C56867 /* Support */,
			);
			path = Global;
			sourceTree = "<group>";
		};
		E209609027D1254C00C56867 /* Support */ = {
			isa = PBXGroup;
			children = (
				E209607927D1210200C56867 /* AppDelegate.swift */,
				E209607B27D1210200C56867 /* SceneDelegate.swift */,
			);
			path = Support;
			sourceTree = "<group>";
		};
		E209609127D1258B00C56867 /* Asset */ = {
			isa = PBXGroup;
			children = (
				E209608227D1210400C56867 /* Assets.xcassets */,
				E209609527D12E4500C56867 /* Color.xcassets */,
			);
			path = Asset;
			sourceTree = "<group>";
		};
		E209609227D12D0400C56867 /* Constant */ = {
			isa = PBXGroup;
			children = (
				E209609327D12D5A00C56867 /* Color.swift */,
			);
			path = Constant;
			sourceTree = "<group>";
		};
/* End PBXGroup section */

/* Begin PBXNativeTarget section */
		E209607527D1210200C56867 /* KakaoT-Practice */ = {
			isa = PBXNativeTarget;
			buildConfigurationList = E209608A27D1210400C56867 /* Build configuration list for PBXNativeTarget "KakaoT-Practice" */;
			buildPhases = (
				A003101913114907A399DE21 /* [CP] Check Pods Manifest.lock */,
				E209607227D1210200C56867 /* Sources */,
				E209607327D1210200C56867 /* Frameworks */,
				E209607427D1210200C56867 /* Resources */,
				B78EB0F3FFF6A8A0653EF4A6 /* [CP] Embed Pods Frameworks */,
			);
			buildRules = (
			);
			dependencies = (
			);
			name = "KakaoT-Practice";
			productName = "KakaoT-Practice";
			productReference = E209607627D1210200C56867 /* KakaoT-Practice.app */;
			productType = "com.apple.product-type.application";
		};
/* End PBXNativeTarget section */

/* Begin PBXProject section */
		E209606E27D1210200C56867 /* Project object */ = {
			isa = PBXProject;
			attributes = {
				BuildIndependentTargetsInParallel = 1;
				LastSwiftUpdateCheck = 1320;
				LastUpgradeCheck = 1320;
				TargetAttributes = {
					E209607527D1210200C56867 = {
						CreatedOnToolsVersion = 13.2.1;
					};
				};
			};
			buildConfigurationList = E209607127D1210200C56867 /* Build configuration list for PBXProject "KakaoT-Practice" */;
			compatibilityVersion = "Xcode 13.0";
			developmentRegion = en;
			hasScannedForEncodings = 0;
			knownRegions = (
				en,
				Base,
			);
			mainGroup = E209606D27D1210200C56867;
			productRefGroup = E209607727D1210200C56867 /* Products */;
			projectDirPath = "";
			projectRoot = "";
			targets = (
				E209607527D1210200C56867 /* KakaoT-Practice */,
			);
		};
/* End PBXProject section */

/* Begin PBXResourcesBuildPhase section */
		E209607427D1210200C56867 /* Resources */ = {
			isa = PBXResourcesBuildPhase;
			buildActionMask = 2147483647;
			files = (
				E209608627D1210400C56867 /* LaunchScreen.storyboard in Resources */,
				E209608327D1210400C56867 /* Assets.xcassets in Resources */,
				E209609627D12E4500C56867 /* Color.xcassets in Resources */,
			);
			runOnlyForDeploymentPostprocessing = 0;
		};
/* End PBXResourcesBuildPhase section */

/* Begin PBXShellScriptBuildPhase section */
		A003101913114907A399DE21 /* [CP] Check Pods Manifest.lock */ = {
			isa = PBXShellScriptBuildPhase;
			buildActionMask = 2147483647;
			files = (
			);
			inputFileListPaths = (
			);
			inputPaths = (
				"${PODS_PODFILE_DIR_PATH}/Podfile.lock",
				"${PODS_ROOT}/Manifest.lock",
			);
			name = "[CP] Check Pods Manifest.lock";
			outputFileListPaths = (
			);
			outputPaths = (
				"$(DERIVED_FILE_DIR)/Pods-KakaoT-Practice-checkManifestLockResult.txt",
			);
			runOnlyForDeploymentPostprocessing = 0;
			shellPath = /bin/sh;
			shellScript = "diff \"${PODS_PODFILE_DIR_PATH}/Podfile.lock\" \"${PODS_ROOT}/Manifest.lock\" > /dev/null\nif [ $? != 0 ] ; then\n    # print error to STDERR\n    echo \"error: The sandbox is not in sync with the Podfile.lock. Run 'pod install' or update your CocoaPods installation.\" >&2\n    exit 1\nfi\n# This output is used by Xcode 'outputs' to avoid re-running this script phase.\necho \"SUCCESS\" > \"${SCRIPT_OUTPUT_FILE_0}\"\n";
			showEnvVarsInLog = 0;
		};
		B78EB0F3FFF6A8A0653EF4A6 /* [CP] Embed Pods Frameworks */ = {
			isa = PBXShellScriptBuildPhase;
			buildActionMask = 2147483647;
			files = (
			);
			inputFileListPaths = (
				"${PODS_ROOT}/Target Support Files/Pods-KakaoT-Practice/Pods-KakaoT-Practice-frameworks-${CONFIGURATION}-input-files.xcfilelist",
			);
			name = "[CP] Embed Pods Frameworks";
			outputFileListPaths = (
				"${PODS_ROOT}/Target Support Files/Pods-KakaoT-Practice/Pods-KakaoT-Practice-frameworks-${CONFIGURATION}-output-files.xcfilelist",
			);
			runOnlyForDeploymentPostprocessing = 0;
			shellPath = /bin/sh;
			shellScript = "\"${PODS_ROOT}/Target Support Files/Pods-KakaoT-Practice/Pods-KakaoT-Practice-frameworks.sh\"\n";
			showEnvVarsInLog = 0;
		};
/* End PBXShellScriptBuildPhase section */

/* Begin PBXSourcesBuildPhase section */
		E209607227D1210200C56867 /* Sources */ = {
			isa = PBXSourcesBuildPhase;
			buildActionMask = 2147483647;
			files = (
				E209607E27D1210200C56867 /* ViewController.swift in Sources */,
				E209609427D12D5A00C56867 /* Color.swift in Sources */,
				E209607A27D1210200C56867 /* AppDelegate.swift in Sources */,
				E209607C27D1210200C56867 /* SceneDelegate.swift in Sources */,
			);
			runOnlyForDeploymentPostprocessing = 0;
		};
/* End PBXSourcesBuildPhase section */

/* Begin PBXVariantGroup section */
		E209608427D1210400C56867 /* LaunchScreen.storyboard */ = {
			isa = PBXVariantGroup;
			children = (
				E209608527D1210400C56867 /* Base */,
			);
			name = LaunchScreen.storyboard;
			sourceTree = "<group>";
		};
/* End PBXVariantGroup section */

/* Begin XCBuildConfiguration section */
		E209608827D1210400C56867 /* Debug */ = {
			isa = XCBuildConfiguration;
			buildSettings = {
				ALWAYS_SEARCH_USER_PATHS = NO;
				CLANG_ANALYZER_NONNULL = YES;
				CLANG_ANALYZER_NUMBER_OBJECT_CONVERSION = YES_AGGRESSIVE;
				CLANG_CXX_LANGUAGE_STANDARD = "gnu++17";
				CLANG_CXX_LIBRARY = "libc++";
				CLANG_ENABLE_MODULES = YES;
				CLANG_ENABLE_OBJC_ARC = YES;
				CLANG_ENABLE_OBJC_WEAK = YES;
				CLANG_WARN_BLOCK_CAPTURE_AUTORELEASING = YES;
				CLANG_WARN_BOOL_CONVERSION = YES;
				CLANG_WARN_COMMA = YES;
				CLANG_WARN_CONSTANT_CONVERSION = YES;
				CLANG_WARN_DEPRECATED_OBJC_IMPLEMENTATIONS = YES;
				CLANG_WARN_DIRECT_OBJC_ISA_USAGE = YES_ERROR;
				CLANG_WARN_DOCUMENTATION_COMMENTS = YES;
				CLANG_WARN_EMPTY_BODY = YES;
				CLANG_WARN_ENUM_CONVERSION = YES;
				CLANG_WARN_INFINITE_RECURSION = YES;
				CLANG_WARN_INT_CONVERSION = YES;
				CLANG_WARN_NON_LITERAL_NULL_CONVERSION = YES;
				CLANG_WARN_OBJC_IMPLICIT_RETAIN_SELF = YES;
				CLANG_WARN_OBJC_LITERAL_CONVERSION = YES;
				CLANG_WARN_OBJC_ROOT_CLASS = YES_ERROR;
				CLANG_WARN_QUOTED_INCLUDE_IN_FRAMEWORK_HEADER = YES;
				CLANG_WARN_RANGE_LOOP_ANALYSIS = YES;
				CLANG_WARN_STRICT_PROTOTYPES = YES;
				CLANG_WARN_SUSPICIOUS_MOVE = YES;
				CLANG_WARN_UNGUARDED_AVAILABILITY = YES_AGGRESSIVE;
				CLANG_WARN_UNREACHABLE_CODE = YES;
				CLANG_WARN__DUPLICATE_METHOD_MATCH = YES;
				COPY_PHASE_STRIP = NO;
				DEBUG_INFORMATION_FORMAT = dwarf;
				ENABLE_STRICT_OBJC_MSGSEND = YES;
				ENABLE_TESTABILITY = YES;
				GCC_C_LANGUAGE_STANDARD = gnu11;
				GCC_DYNAMIC_NO_PIC = NO;
				GCC_NO_COMMON_BLOCKS = YES;
				GCC_OPTIMIZATION_LEVEL = 0;
				GCC_PREPROCESSOR_DEFINITIONS = (
					"DEBUG=1",
					"$(inherited)",
				);
				GCC_WARN_64_TO_32_BIT_CONVERSION = YES;
				GCC_WARN_ABOUT_RETURN_TYPE = YES_ERROR;
				GCC_WARN_UNDECLARED_SELECTOR = YES;
				GCC_WARN_UNINITIALIZED_AUTOS = YES_AGGRESSIVE;
				GCC_WARN_UNUSED_FUNCTION = YES;
				GCC_WARN_UNUSED_VARIABLE = YES;
				IPHONEOS_DEPLOYMENT_TARGET = 15.2;
				MTL_ENABLE_DEBUG_INFO = INCLUDE_SOURCE;
				MTL_FAST_MATH = YES;
				ONLY_ACTIVE_ARCH = YES;
				SDKROOT = iphoneos;
				SWIFT_ACTIVE_COMPILATION_CONDITIONS = DEBUG;
				SWIFT_OPTIMIZATION_LEVEL = "-Onone";
			};
			name = Debug;
		};
		E209608927D1210400C56867 /* Release */ = {
			isa = XCBuildConfiguration;
			buildSettings = {
				ALWAYS_SEARCH_USER_PATHS = NO;
				CLANG_ANALYZER_NONNULL = YES;
				CLANG_ANALYZER_NUMBER_OBJECT_CONVERSION = YES_AGGRESSIVE;
				CLANG_CXX_LANGUAGE_STANDARD = "gnu++17";
				CLANG_CXX_LIBRARY = "libc++";
				CLANG_ENABLE_MODULES = YES;
				CLANG_ENABLE_OBJC_ARC = YES;
				CLANG_ENABLE_OBJC_WEAK = YES;
				CLANG_WARN_BLOCK_CAPTURE_AUTORELEASING = YES;
				CLANG_WARN_BOOL_CONVERSION = YES;
				CLANG_WARN_COMMA = YES;
				CLANG_WARN_CONSTANT_CONVERSION = YES;
				CLANG_WARN_DEPRECATED_OBJC_IMPLEMENTATIONS = YES;
				CLANG_WARN_DIRECT_OBJC_ISA_USAGE = YES_ERROR;
				CLANG_WARN_DOCUMENTATION_COMMENTS = YES;
				CLANG_WARN_EMPTY_BODY = YES;
				CLANG_WARN_ENUM_CONVERSION = YES;
				CLANG_WARN_INFINITE_RECURSION = YES;
				CLANG_WARN_INT_CONVERSION = YES;
				CLANG_WARN_NON_LITERAL_NULL_CONVERSION = YES;
				CLANG_WARN_OBJC_IMPLICIT_RETAIN_SELF = YES;
				CLANG_WARN_OBJC_LITERAL_CONVERSION = YES;
				CLANG_WARN_OBJC_ROOT_CLASS = YES_ERROR;
				CLANG_WARN_QUOTED_INCLUDE_IN_FRAMEWORK_HEADER = YES;
				CLANG_WARN_RANGE_LOOP_ANALYSIS = YES;
				CLANG_WARN_STRICT_PROTOTYPES = YES;
				CLANG_WARN_SUSPICIOUS_MOVE = YES;
				CLANG_WARN_UNGUARDED_AVAILABILITY = YES_AGGRESSIVE;
				CLANG_WARN_UNREACHABLE_CODE = YES;
				CLANG_WARN__DUPLICATE_METHOD_MATCH = YES;
				COPY_PHASE_STRIP = NO;
				DEBUG_INFORMATION_FORMAT = "dwarf-with-dsym";
				ENABLE_NS_ASSERTIONS = NO;
				ENABLE_STRICT_OBJC_MSGSEND = YES;
				GCC_C_LANGUAGE_STANDARD = gnu11;
				GCC_NO_COMMON_BLOCKS = YES;
				GCC_WARN_64_TO_32_BIT_CONVERSION = YES;
				GCC_WARN_ABOUT_RETURN_TYPE = YES_ERROR;
				GCC_WARN_UNDECLARED_SELECTOR = YES;
				GCC_WARN_UNINITIALIZED_AUTOS = YES_AGGRESSIVE;
				GCC_WARN_UNUSED_FUNCTION = YES;
				GCC_WARN_UNUSED_VARIABLE = YES;
				IPHONEOS_DEPLOYMENT_TARGET = 15.2;
				MTL_ENABLE_DEBUG_INFO = NO;
				MTL_FAST_MATH = YES;
				SDKROOT = iphoneos;
				SWIFT_COMPILATION_MODE = wholemodule;
				SWIFT_OPTIMIZATION_LEVEL = "-O";
				VALIDATE_PRODUCT = YES;
			};
			name = Release;
		};
		E209608B27D1210400C56867 /* Debug */ = {
			isa = XCBuildConfiguration;
			baseConfigurationReference = A31226D72854B7A521A6C5E0 /* Pods-KakaoT-Practice.debug.xcconfig */;
			buildSettings = {
				ASSETCATALOG_COMPILER_APPICON_NAME = AppIcon;
				ASSETCATALOG_COMPILER_GLOBAL_ACCENT_COLOR_NAME = AccentColor;
				CODE_SIGN_STYLE = Automatic;
				CURRENT_PROJECT_VERSION = 1;
				DEVELOPMENT_TEAM = 53AWLX6CVV;
				GENERATE_INFOPLIST_FILE = YES;
				INFOPLIST_FILE = "KakaoT-Practice/Resource/Info.plist";
				INFOPLIST_KEY_UIApplicationSupportsIndirectInputEvents = YES;
				INFOPLIST_KEY_UILaunchStoryboardName = LaunchScreen;
				INFOPLIST_KEY_UISupportedInterfaceOrientations_iPad = "UIInterfaceOrientationPortrait UIInterfaceOrientationPortraitUpsideDown UIInterfaceOrientationLandscapeLeft UIInterfaceOrientationLandscapeRight";
				INFOPLIST_KEY_UISupportedInterfaceOrientations_iPhone = "UIInterfaceOrientationPortrait UIInterfaceOrientationLandscapeLeft UIInterfaceOrientationLandscapeRight";
				LD_RUNPATH_SEARCH_PATHS = (
					"$(inherited)",
					"@executable_path/Frameworks",
				);
				MARKETING_VERSION = 1.0;
				PRODUCT_BUNDLE_IDENTIFIER = "net.eunseo.KakaoT-Practice";
				PRODUCT_NAME = "$(TARGET_NAME)";
				SWIFT_EMIT_LOC_STRINGS = YES;
				SWIFT_VERSION = 5.0;
				TARGETED_DEVICE_FAMILY = "1,2";
			};
			name = Debug;
		};
		E209608C27D1210400C56867 /* Release */ = {
			isa = XCBuildConfiguration;
			baseConfigurationReference = 279A1DBA329F20FB62CBFD7E /* Pods-KakaoT-Practice.release.xcconfig */;
			buildSettings = {
				ASSETCATALOG_COMPILER_APPICON_NAME = AppIcon;
				ASSETCATALOG_COMPILER_GLOBAL_ACCENT_COLOR_NAME = AccentColor;
				CODE_SIGN_STYLE = Automatic;
				CURRENT_PROJECT_VERSION = 1;
				DEVELOPMENT_TEAM = 53AWLX6CVV;
				GENERATE_INFOPLIST_FILE = YES;
				INFOPLIST_FILE = "KakaoT-Practice/Resource/Info.plist";
				INFOPLIST_KEY_UIApplicationSupportsIndirectInputEvents = YES;
				INFOPLIST_KEY_UILaunchStoryboardName = LaunchScreen;
				INFOPLIST_KEY_UISupportedInterfaceOrientations_iPad = "UIInterfaceOrientationPortrait UIInterfaceOrientationPortraitUpsideDown UIInterfaceOrientationLandscapeLeft UIInterfaceOrientationLandscapeRight";
				INFOPLIST_KEY_UISupportedInterfaceOrientations_iPhone = "UIInterfaceOrientationPortrait UIInterfaceOrientationLandscapeLeft UIInterfaceOrientationLandscapeRight";
				LD_RUNPATH_SEARCH_PATHS = (
					"$(inherited)",
					"@executable_path/Frameworks",
				);
				MARKETING_VERSION = 1.0;
				PRODUCT_BUNDLE_IDENTIFIER = "net.eunseo.KakaoT-Practice";
				PRODUCT_NAME = "$(TARGET_NAME)";
				SWIFT_EMIT_LOC_STRINGS = YES;
				SWIFT_VERSION = 5.0;
				TARGETED_DEVICE_FAMILY = "1,2";
			};
			name = Release;
		};
/* End XCBuildConfiguration section */

/* Begin XCConfigurationList section */
		E209607127D1210200C56867 /* Build configuration list for PBXProject "KakaoT-Practice" */ = {
			isa = XCConfigurationList;
			buildConfigurations = (
				E209608827D1210400C56867 /* Debug */,
				E209608927D1210400C56867 /* Release */,
			);
			defaultConfigurationIsVisible = 0;
			defaultConfigurationName = Release;
		};
		E209608A27D1210400C56867 /* Build configuration list for PBXNativeTarget "KakaoT-Practice" */ = {
			isa = XCConfigurationList;
			buildConfigurations = (
				E209608B27D1210400C56867 /* Debug */,
				E209608C27D1210400C56867 /* Release */,
			);
			defaultConfigurationIsVisible = 0;
			defaultConfigurationName = Release;
		};
/* End XCConfigurationList section */
	};
	rootObject = E209606E27D1210200C56867 /* Project object */;
}
