// !$*UTF8*$!
{
	archiveVersion = 1;
	classes = {
	};
	objectVersion = 55;
	objects = {

/* Begin PBXBuildFile section */
		072F8F8C76559E9C9E555ECA /* Pods_Auth_Practice.framework in Frameworks */ = {isa = PBXBuildFile; fileRef = CB8511A64937A83DB8EA021A /* Pods_Auth_Practice.framework */; };
		E23B2AA727B258640038AE31 /* Pretendard-Medium.otf in Resources */ = {isa = PBXBuildFile; fileRef = E23B2AA627B258610038AE31 /* Pretendard-Medium.otf */; };
		E23B2AA827B258660038AE31 /* Pretendard-Regular.otf in Resources */ = {isa = PBXBuildFile; fileRef = E23B2AA527B258610038AE31 /* Pretendard-Regular.otf */; };
		E23B2AAB27B259D50038AE31 /* FontStyle.swift in Sources */ = {isa = PBXBuildFile; fileRef = E23B2AAA27B259D50038AE31 /* FontStyle.swift */; };
		E23B2AAD27B25B570038AE31 /* Image.swift in Sources */ = {isa = PBXBuildFile; fileRef = E23B2AAC27B25B570038AE31 /* Image.swift */; };
		E23B2AAF27B25B5E0038AE31 /* Color.swift in Sources */ = {isa = PBXBuildFile; fileRef = E23B2AAE27B25B5E0038AE31 /* Color.swift */; };
		E23B2AB127B25B9C0038AE31 /* Font.swift in Sources */ = {isa = PBXBuildFile; fileRef = E23B2AB027B25B9C0038AE31 /* Font.swift */; };
		E23B2AB327B2608C0038AE31 /* Pretendard-SemiBold.otf in Resources */ = {isa = PBXBuildFile; fileRef = E23B2AB227B2608C0038AE31 /* Pretendard-SemiBold.otf */; };
		E23B2AB727B26AD20038AE31 /* LoginModel.swift in Sources */ = {isa = PBXBuildFile; fileRef = E23B2AB627B26AD20038AE31 /* LoginModel.swift */; };
		E25DC3F427AD077900AA1228 /* AppDelegate.swift in Sources */ = {isa = PBXBuildFile; fileRef = E25DC3F327AD077900AA1228 /* AppDelegate.swift */; };
		E25DC3F627AD077900AA1228 /* SceneDelegate.swift in Sources */ = {isa = PBXBuildFile; fileRef = E25DC3F527AD077900AA1228 /* SceneDelegate.swift */; };
		E25DC3FD27AD077C00AA1228 /* Assets.xcassets in Resources */ = {isa = PBXBuildFile; fileRef = E25DC3FC27AD077C00AA1228 /* Assets.xcassets */; };
		E25DC40027AD077C00AA1228 /* LaunchScreen.storyboard in Resources */ = {isa = PBXBuildFile; fileRef = E25DC3FE27AD077C00AA1228 /* LaunchScreen.storyboard */; };
		E25DC40F27AD163B00AA1228 /* LoginEntryViewController.swift in Sources */ = {isa = PBXBuildFile; fileRef = E25DC40E27AD163B00AA1228 /* LoginEntryViewController.swift */; };
		E25DC41127AD236B00AA1228 /* Color.xcassets in Resources */ = {isa = PBXBuildFile; fileRef = E25DC41027AD236B00AA1228 /* Color.xcassets */; };
		E25DC41827AD288800AA1228 /* UIStackView+.swift in Sources */ = {isa = PBXBuildFile; fileRef = E25DC41727AD288800AA1228 /* UIStackView+.swift */; };
		E25DC41A27AD290100AA1228 /* UIView+.swift in Sources */ = {isa = PBXBuildFile; fileRef = E25DC41927AD290100AA1228 /* UIView+.swift */; };
		E25DC41C27AD3A5D00AA1228 /* EmailLoginViewController.swift in Sources */ = {isa = PBXBuildFile; fileRef = E25DC41B27AD3A5D00AA1228 /* EmailLoginViewController.swift */; };
		E29EB0BD27B80B8400243F3B /* LoginAPI.swift in Sources */ = {isa = PBXBuildFile; fileRef = E29EB0BC27B80B8400243F3B /* LoginAPI.swift */; };
		E29EB0BF27B80B8F00243F3B /* LoginService.swift in Sources */ = {isa = PBXBuildFile; fileRef = E29EB0BE27B80B8F00243F3B /* LoginService.swift */; };
		E29EB0C127B8146200243F3B /* UserModel.swift in Sources */ = {isa = PBXBuildFile; fileRef = E29EB0C027B8146200243F3B /* UserModel.swift */; };
		E2E8483827B3C91B00EFAAA2 /* AuthButton.swift in Sources */ = {isa = PBXBuildFile; fileRef = E2E8483727B3C91B00EFAAA2 /* AuthButton.swift */; };
		E2E8483E27B6491200EFAAA2 /* BaseResponse.swift in Sources */ = {isa = PBXBuildFile; fileRef = E2E8483D27B6491200EFAAA2 /* BaseResponse.swift */; };
		E2E8484027B64AFB00EFAAA2 /* NetworkCostant.swift in Sources */ = {isa = PBXBuildFile; fileRef = E2E8483F27B64AFB00EFAAA2 /* NetworkCostant.swift */; };
		E2E8484727B693A400EFAAA2 /* NetworkResult.swift in Sources */ = {isa = PBXBuildFile; fileRef = E2E8484627B693A400EFAAA2 /* NetworkResult.swift */; };
/* End PBXBuildFile section */

/* Begin PBXFileReference section */
		884DD30C4C17CAC97A4D88CC /* Pods-Auth-Practice.release.xcconfig */ = {isa = PBXFileReference; includeInIndex = 1; lastKnownFileType = text.xcconfig; name = "Pods-Auth-Practice.release.xcconfig"; path = "Target Support Files/Pods-Auth-Practice/Pods-Auth-Practice.release.xcconfig"; sourceTree = "<group>"; };
		A160A08D2A6CF606E9142521 /* Pods-Auth-Practice.debug.xcconfig */ = {isa = PBXFileReference; includeInIndex = 1; lastKnownFileType = text.xcconfig; name = "Pods-Auth-Practice.debug.xcconfig"; path = "Target Support Files/Pods-Auth-Practice/Pods-Auth-Practice.debug.xcconfig"; sourceTree = "<group>"; };
		CB8511A64937A83DB8EA021A /* Pods_Auth_Practice.framework */ = {isa = PBXFileReference; explicitFileType = wrapper.framework; includeInIndex = 0; path = Pods_Auth_Practice.framework; sourceTree = BUILT_PRODUCTS_DIR; };
		E23B2AA527B258610038AE31 /* Pretendard-Regular.otf */ = {isa = PBXFileReference; lastKnownFileType = file; path = "Pretendard-Regular.otf"; sourceTree = "<group>"; };
		E23B2AA627B258610038AE31 /* Pretendard-Medium.otf */ = {isa = PBXFileReference; lastKnownFileType = file; path = "Pretendard-Medium.otf"; sourceTree = "<group>"; };
		E23B2AAA27B259D50038AE31 /* FontStyle.swift */ = {isa = PBXFileReference; lastKnownFileType = sourcecode.swift; path = FontStyle.swift; sourceTree = "<group>"; };
		E23B2AAC27B25B570038AE31 /* Image.swift */ = {isa = PBXFileReference; lastKnownFileType = sourcecode.swift; path = Image.swift; sourceTree = "<group>"; };
		E23B2AAE27B25B5E0038AE31 /* Color.swift */ = {isa = PBXFileReference; lastKnownFileType = sourcecode.swift; path = Color.swift; sourceTree = "<group>"; };
		E23B2AB027B25B9C0038AE31 /* Font.swift */ = {isa = PBXFileReference; lastKnownFileType = sourcecode.swift; path = Font.swift; sourceTree = "<group>"; };
		E23B2AB227B2608C0038AE31 /* Pretendard-SemiBold.otf */ = {isa = PBXFileReference; lastKnownFileType = file; path = "Pretendard-SemiBold.otf"; sourceTree = "<group>"; };
		E23B2AB627B26AD20038AE31 /* LoginModel.swift */ = {isa = PBXFileReference; lastKnownFileType = sourcecode.swift; path = LoginModel.swift; sourceTree = "<group>"; };
		E25DC3F027AD077900AA1228 /* Auth-Practice.app */ = {isa = PBXFileReference; explicitFileType = wrapper.application; includeInIndex = 0; path = "Auth-Practice.app"; sourceTree = BUILT_PRODUCTS_DIR; };
		E25DC3F327AD077900AA1228 /* AppDelegate.swift */ = {isa = PBXFileReference; lastKnownFileType = sourcecode.swift; path = AppDelegate.swift; sourceTree = "<group>"; };
		E25DC3F527AD077900AA1228 /* SceneDelegate.swift */ = {isa = PBXFileReference; lastKnownFileType = sourcecode.swift; path = SceneDelegate.swift; sourceTree = "<group>"; };
		E25DC3FC27AD077C00AA1228 /* Assets.xcassets */ = {isa = PBXFileReference; lastKnownFileType = folder.assetcatalog; path = Assets.xcassets; sourceTree = "<group>"; };
		E25DC3FF27AD077C00AA1228 /* Base */ = {isa = PBXFileReference; lastKnownFileType = file.storyboard; name = Base; path = Base.lproj/LaunchScreen.storyboard; sourceTree = "<group>"; };
		E25DC40127AD077C00AA1228 /* Info.plist */ = {isa = PBXFileReference; lastKnownFileType = text.plist.xml; path = Info.plist; sourceTree = "<group>"; };
		E25DC40E27AD163B00AA1228 /* LoginEntryViewController.swift */ = {isa = PBXFileReference; lastKnownFileType = sourcecode.swift; path = LoginEntryViewController.swift; sourceTree = "<group>"; };
		E25DC41027AD236B00AA1228 /* Color.xcassets */ = {isa = PBXFileReference; lastKnownFileType = folder.assetcatalog; path = Color.xcassets; sourceTree = "<group>"; };
		E25DC41727AD288800AA1228 /* UIStackView+.swift */ = {isa = PBXFileReference; lastKnownFileType = sourcecode.swift; path = "UIStackView+.swift"; sourceTree = "<group>"; };
		E25DC41927AD290100AA1228 /* UIView+.swift */ = {isa = PBXFileReference; lastKnownFileType = sourcecode.swift; path = "UIView+.swift"; sourceTree = "<group>"; };
		E25DC41B27AD3A5D00AA1228 /* EmailLoginViewController.swift */ = {isa = PBXFileReference; lastKnownFileType = sourcecode.swift; path = EmailLoginViewController.swift; sourceTree = "<group>"; };
		E29EB0BC27B80B8400243F3B /* LoginAPI.swift */ = {isa = PBXFileReference; lastKnownFileType = sourcecode.swift; path = LoginAPI.swift; sourceTree = "<group>"; };
		E29EB0BE27B80B8F00243F3B /* LoginService.swift */ = {isa = PBXFileReference; lastKnownFileType = sourcecode.swift; path = LoginService.swift; sourceTree = "<group>"; };
		E29EB0C027B8146200243F3B /* UserModel.swift */ = {isa = PBXFileReference; lastKnownFileType = sourcecode.swift; path = UserModel.swift; sourceTree = "<group>"; };
		E2E8483727B3C91B00EFAAA2 /* AuthButton.swift */ = {isa = PBXFileReference; lastKnownFileType = sourcecode.swift; path = AuthButton.swift; sourceTree = "<group>"; };
		E2E8483D27B6491200EFAAA2 /* BaseResponse.swift */ = {isa = PBXFileReference; lastKnownFileType = sourcecode.swift; path = BaseResponse.swift; sourceTree = "<group>"; };
		E2E8483F27B64AFB00EFAAA2 /* NetworkCostant.swift */ = {isa = PBXFileReference; lastKnownFileType = sourcecode.swift; path = NetworkCostant.swift; sourceTree = "<group>"; };
		E2E8484627B693A400EFAAA2 /* NetworkResult.swift */ = {isa = PBXFileReference; lastKnownFileType = sourcecode.swift; path = NetworkResult.swift; sourceTree = "<group>"; };
/* End PBXFileReference section */

/* Begin PBXFrameworksBuildPhase section */
		E25DC3ED27AD077900AA1228 /* Frameworks */ = {
			isa = PBXFrameworksBuildPhase;
			buildActionMask = 2147483647;
			files = (
				072F8F8C76559E9C9E555ECA /* Pods_Auth_Practice.framework in Frameworks */,
			);
			runOnlyForDeploymentPostprocessing = 0;
		};
/* End PBXFrameworksBuildPhase section */

/* Begin PBXGroup section */
		014F8045C3D10BBBE85A1446 /* Pods */ = {
			isa = PBXGroup;
			children = (
				A160A08D2A6CF606E9142521 /* Pods-Auth-Practice.debug.xcconfig */,
				884DD30C4C17CAC97A4D88CC /* Pods-Auth-Practice.release.xcconfig */,
			);
			path = Pods;
			sourceTree = "<group>";
		};
		27472889FA0EA415665C0443 /* Frameworks */ = {
			isa = PBXGroup;
			children = (
				CB8511A64937A83DB8EA021A /* Pods_Auth_Practice.framework */,
			);
			name = Frameworks;
			sourceTree = "<group>";
		};
		E23B2AA427B258470038AE31 /* Font */ = {
			isa = PBXGroup;
			children = (
				E23B2AA627B258610038AE31 /* Pretendard-Medium.otf */,
				E23B2AA527B258610038AE31 /* Pretendard-Regular.otf */,
				E23B2AB227B2608C0038AE31 /* Pretendard-SemiBold.otf */,
			);
			path = Font;
			sourceTree = "<group>";
		};
		E23B2AA927B259C10038AE31 /* DesignSystem */ = {
			isa = PBXGroup;
			children = (
				E23B2AAA27B259D50038AE31 /* FontStyle.swift */,
				E2E8483727B3C91B00EFAAA2 /* AuthButton.swift */,
			);
			path = DesignSystem;
			sourceTree = "<group>";
		};
		E25DC3E727AD077900AA1228 = {
			isa = PBXGroup;
			children = (
				E25DC3F227AD077900AA1228 /* Auth-Practice */,
				E25DC3F127AD077900AA1228 /* Products */,
				014F8045C3D10BBBE85A1446 /* Pods */,
				27472889FA0EA415665C0443 /* Frameworks */,
			);
			sourceTree = "<group>";
		};
		E25DC3F127AD077900AA1228 /* Products */ = {
			isa = PBXGroup;
			children = (
				E25DC3F027AD077900AA1228 /* Auth-Practice.app */,
			);
			name = Products;
			sourceTree = "<group>";
		};
		E25DC3F227AD077900AA1228 /* Auth-Practice */ = {
			isa = PBXGroup;
			children = (
				E2E8483927B5830400EFAAA2 /* Network */,
				E25DC40727AD0F8C00AA1228 /* Global */,
				E25DC40827AD0F9E00AA1228 /* Source */,
				E25DC40927AD0FAC00AA1228 /* Resource */,
			);
			path = "Auth-Practice";
			sourceTree = "<group>";
		};
		E25DC40727AD0F8C00AA1228 /* Global */ = {
			isa = PBXGroup;
			children = (
				E23B2AA927B259C10038AE31 /* DesignSystem */,
				E25DC41627AD286A00AA1228 /* Extenstion */,
				E25DC41527AD285F00AA1228 /* Constant */,
			);
			path = Global;
			sourceTree = "<group>";
		};
		E25DC40827AD0F9E00AA1228 /* Source */ = {
			isa = PBXGroup;
			children = (
				E25DC40D27AD15C200AA1228 /* ViewController */,
			);
			path = Source;
			sourceTree = "<group>";
		};
		E25DC40927AD0FAC00AA1228 /* Resource */ = {
			isa = PBXGroup;
			children = (
				E23B2AA427B258470038AE31 /* Font */,
				E25DC40C27AD104D00AA1228 /* Asset */,
				E25DC40B27AD102B00AA1228 /* Storyboard */,
				E25DC40A27AD100E00AA1228 /* Support */,
			);
			path = Resource;
			sourceTree = "<group>";
		};
		E25DC40A27AD100E00AA1228 /* Support */ = {
			isa = PBXGroup;
			children = (
				E25DC3F327AD077900AA1228 /* AppDelegate.swift */,
				E25DC3F527AD077900AA1228 /* SceneDelegate.swift */,
				E25DC40127AD077C00AA1228 /* Info.plist */,
			);
			path = Support;
			sourceTree = "<group>";
		};
		E25DC40B27AD102B00AA1228 /* Storyboard */ = {
			isa = PBXGroup;
			children = (
				E25DC3FE27AD077C00AA1228 /* LaunchScreen.storyboard */,
			);
			path = Storyboard;
			sourceTree = "<group>";
		};
		E25DC40C27AD104D00AA1228 /* Asset */ = {
			isa = PBXGroup;
			children = (
				E25DC3FC27AD077C00AA1228 /* Assets.xcassets */,
				E25DC41027AD236B00AA1228 /* Color.xcassets */,
			);
			path = Asset;
			sourceTree = "<group>";
		};
		E25DC40D27AD15C200AA1228 /* ViewController */ = {
			isa = PBXGroup;
			children = (
				E25DC40E27AD163B00AA1228 /* LoginEntryViewController.swift */,
				E25DC41B27AD3A5D00AA1228 /* EmailLoginViewController.swift */,
			);
			path = ViewController;
			sourceTree = "<group>";
		};
		E25DC41527AD285F00AA1228 /* Constant */ = {
			isa = PBXGroup;
			children = (
				E23B2AAC27B25B570038AE31 /* Image.swift */,
				E23B2AAE27B25B5E0038AE31 /* Color.swift */,
				E23B2AB027B25B9C0038AE31 /* Font.swift */,
			);
			path = Constant;
			sourceTree = "<group>";
		};
		E25DC41627AD286A00AA1228 /* Extenstion */ = {
			isa = PBXGroup;
			children = (
				E25DC41727AD288800AA1228 /* UIStackView+.swift */,
				E25DC41927AD290100AA1228 /* UIView+.swift */,
			);
			path = Extenstion;
			sourceTree = "<group>";
		};
		E2E8483927B5830400EFAAA2 /* Network */ = {
			isa = PBXGroup;
			children = (
				E2E8483C27B6489000EFAAA2 /* Base */,
				E2E8483B27B6488600EFAAA2 /* Model */,
				E2E8484127B64CB600EFAAA2 /* API */,
				E2E8483A27B6477500EFAAA2 /* APIService */,
			);
			path = Network;
			sourceTree = "<group>";
		};
		E2E8483A27B6477500EFAAA2 /* APIService */ = {
			isa = PBXGroup;
			children = (
				E29EB0BE27B80B8F00243F3B /* LoginService.swift */,
			);
			path = APIService;
			sourceTree = "<group>";
		};
		E2E8483B27B6488600EFAAA2 /* Model */ = {
			isa = PBXGroup;
			children = (
				E23B2AB627B26AD20038AE31 /* LoginModel.swift */,
				E29EB0C027B8146200243F3B /* UserModel.swift */,
			);
			path = Model;
			sourceTree = "<group>";
		};
		E2E8483C27B6489000EFAAA2 /* Base */ = {
			isa = PBXGroup;
			children = (
				E2E8483D27B6491200EFAAA2 /* BaseResponse.swift */,
				E2E8483F27B64AFB00EFAAA2 /* NetworkCostant.swift */,
				E2E8484627B693A400EFAAA2 /* NetworkResult.swift */,
			);
			path = Base;
			sourceTree = "<group>";
		};
		E2E8484127B64CB600EFAAA2 /* API */ = {
			isa = PBXGroup;
			children = (
				E29EB0BC27B80B8400243F3B /* LoginAPI.swift */,
			);
			path = API;
			sourceTree = "<group>";
		};
/* End PBXGroup section */

/* Begin PBXNativeTarget section */
		E25DC3EF27AD077900AA1228 /* Auth-Practice */ = {
			isa = PBXNativeTarget;
			buildConfigurationList = E25DC40427AD077C00AA1228 /* Build configuration list for PBXNativeTarget "Auth-Practice" */;
			buildPhases = (
				0C7BB7CF1E17CA7BA028BFBA /* [CP] Check Pods Manifest.lock */,
				E25DC3EC27AD077900AA1228 /* Sources */,
				E25DC3ED27AD077900AA1228 /* Frameworks */,
				E25DC3EE27AD077900AA1228 /* Resources */,
				0F60F6C02E3A8D3A66F4F659 /* [CP] Embed Pods Frameworks */,
			);
			buildRules = (
			);
			dependencies = (
			);
			name = "Auth-Practice";
			productName = "Auth-Practice";
			productReference = E25DC3F027AD077900AA1228 /* Auth-Practice.app */;
			productType = "com.apple.product-type.application";
		};
/* End PBXNativeTarget section */

/* Begin PBXProject section */
		E25DC3E827AD077900AA1228 /* Project object */ = {
			isa = PBXProject;
			attributes = {
				BuildIndependentTargetsInParallel = 1;
				LastSwiftUpdateCheck = 1320;
				LastUpgradeCheck = 1320;
				TargetAttributes = {
					E25DC3EF27AD077900AA1228 = {
						CreatedOnToolsVersion = 13.2.1;
					};
				};
			};
			buildConfigurationList = E25DC3EB27AD077900AA1228 /* Build configuration list for PBXProject "Auth-Practice" */;
			compatibilityVersion = "Xcode 13.0";
			developmentRegion = en;
			hasScannedForEncodings = 0;
			knownRegions = (
				en,
				Base,
			);
			mainGroup = E25DC3E727AD077900AA1228;
			productRefGroup = E25DC3F127AD077900AA1228 /* Products */;
			projectDirPath = "";
			projectRoot = "";
			targets = (
				E25DC3EF27AD077900AA1228 /* Auth-Practice */,
			);
		};
/* End PBXProject section */

/* Begin PBXResourcesBuildPhase section */
		E25DC3EE27AD077900AA1228 /* Resources */ = {
			isa = PBXResourcesBuildPhase;
			buildActionMask = 2147483647;
			files = (
				E25DC40027AD077C00AA1228 /* LaunchScreen.storyboard in Resources */,
				E25DC3FD27AD077C00AA1228 /* Assets.xcassets in Resources */,
				E23B2AA827B258660038AE31 /* Pretendard-Regular.otf in Resources */,
				E23B2AB327B2608C0038AE31 /* Pretendard-SemiBold.otf in Resources */,
				E25DC41127AD236B00AA1228 /* Color.xcassets in Resources */,
				E23B2AA727B258640038AE31 /* Pretendard-Medium.otf in Resources */,
			);
			runOnlyForDeploymentPostprocessing = 0;
		};
/* End PBXResourcesBuildPhase section */

/* Begin PBXShellScriptBuildPhase section */
		0C7BB7CF1E17CA7BA028BFBA /* [CP] Check Pods Manifest.lock */ = {
			isa = PBXShellScriptBuildPhase;
			buildActionMask = 2147483647;
			files = (
			);
			inputFileListPaths = (
			);
			inputPaths = (
				"${PODS_PODFILE_DIR_PATH}/Podfile.lock",
				"${PODS_ROOT}/Manifest.lock",
			);
			name = "[CP] Check Pods Manifest.lock";
			outputFileListPaths = (
			);
			outputPaths = (
				"$(DERIVED_FILE_DIR)/Pods-Auth-Practice-checkManifestLockResult.txt",
			);
			runOnlyForDeploymentPostprocessing = 0;
			shellPath = /bin/sh;
			shellScript = "diff \"${PODS_PODFILE_DIR_PATH}/Podfile.lock\" \"${PODS_ROOT}/Manifest.lock\" > /dev/null\nif [ $? != 0 ] ; then\n    # print error to STDERR\n    echo \"error: The sandbox is not in sync with the Podfile.lock. Run 'pod install' or update your CocoaPods installation.\" >&2\n    exit 1\nfi\n# This output is used by Xcode 'outputs' to avoid re-running this script phase.\necho \"SUCCESS\" > \"${SCRIPT_OUTPUT_FILE_0}\"\n";
			showEnvVarsInLog = 0;
		};
		0F60F6C02E3A8D3A66F4F659 /* [CP] Embed Pods Frameworks */ = {
			isa = PBXShellScriptBuildPhase;
			buildActionMask = 2147483647;
			files = (
			);
			inputFileListPaths = (
				"${PODS_ROOT}/Target Support Files/Pods-Auth-Practice/Pods-Auth-Practice-frameworks-${CONFIGURATION}-input-files.xcfilelist",
			);
			name = "[CP] Embed Pods Frameworks";
			outputFileListPaths = (
				"${PODS_ROOT}/Target Support Files/Pods-Auth-Practice/Pods-Auth-Practice-frameworks-${CONFIGURATION}-output-files.xcfilelist",
			);
			runOnlyForDeploymentPostprocessing = 0;
			shellPath = /bin/sh;
			shellScript = "\"${PODS_ROOT}/Target Support Files/Pods-Auth-Practice/Pods-Auth-Practice-frameworks.sh\"\n";
			showEnvVarsInLog = 0;
		};
/* End PBXShellScriptBuildPhase section */

/* Begin PBXSourcesBuildPhase section */
		E25DC3EC27AD077900AA1228 /* Sources */ = {
			isa = PBXSourcesBuildPhase;
			buildActionMask = 2147483647;
			files = (
				E2E8484727B693A400EFAAA2 /* NetworkResult.swift in Sources */,
				E29EB0BD27B80B8400243F3B /* LoginAPI.swift in Sources */,
				E25DC41A27AD290100AA1228 /* UIView+.swift in Sources */,
				E2E8483827B3C91B00EFAAA2 /* AuthButton.swift in Sources */,
				E23B2AAD27B25B570038AE31 /* Image.swift in Sources */,
				E29EB0C127B8146200243F3B /* UserModel.swift in Sources */,
				E23B2AB127B25B9C0038AE31 /* Font.swift in Sources */,
				E25DC41C27AD3A5D00AA1228 /* EmailLoginViewController.swift in Sources */,
				E23B2AAF27B25B5E0038AE31 /* Color.swift in Sources */,
				E25DC41827AD288800AA1228 /* UIStackView+.swift in Sources */,
				E2E8484027B64AFB00EFAAA2 /* NetworkCostant.swift in Sources */,
				E25DC3F427AD077900AA1228 /* AppDelegate.swift in Sources */,
				E23B2AAB27B259D50038AE31 /* FontStyle.swift in Sources */,
				E29EB0BF27B80B8F00243F3B /* LoginService.swift in Sources */,
				E25DC3F627AD077900AA1228 /* SceneDelegate.swift in Sources */,
				E25DC40F27AD163B00AA1228 /* LoginEntryViewController.swift in Sources */,
				E23B2AB727B26AD20038AE31 /* LoginModel.swift in Sources */,
				E2E8483E27B6491200EFAAA2 /* BaseResponse.swift in Sources */,
			);
			runOnlyForDeploymentPostprocessing = 0;
		};
/* End PBXSourcesBuildPhase section */

/* Begin PBXVariantGroup section */
		E25DC3FE27AD077C00AA1228 /* LaunchScreen.storyboard */ = {
			isa = PBXVariantGroup;
			children = (
				E25DC3FF27AD077C00AA1228 /* Base */,
			);
			name = LaunchScreen.storyboard;
			sourceTree = "<group>";
		};
/* End PBXVariantGroup section */

/* Begin XCBuildConfiguration section */
		E25DC40227AD077C00AA1228 /* Debug */ = {
			isa = XCBuildConfiguration;
			buildSettings = {
				ALWAYS_SEARCH_USER_PATHS = NO;
				CLANG_ANALYZER_NONNULL = YES;
				CLANG_ANALYZER_NUMBER_OBJECT_CONVERSION = YES_AGGRESSIVE;
				CLANG_CXX_LANGUAGE_STANDARD = "gnu++17";
				CLANG_CXX_LIBRARY = "libc++";
				CLANG_ENABLE_MODULES = YES;
				CLANG_ENABLE_OBJC_ARC = YES;
				CLANG_ENABLE_OBJC_WEAK = YES;
				CLANG_WARN_BLOCK_CAPTURE_AUTORELEASING = YES;
				CLANG_WARN_BOOL_CONVERSION = YES;
				CLANG_WARN_COMMA = YES;
				CLANG_WARN_CONSTANT_CONVERSION = YES;
				CLANG_WARN_DEPRECATED_OBJC_IMPLEMENTATIONS = YES;
				CLANG_WARN_DIRECT_OBJC_ISA_USAGE = YES_ERROR;
				CLANG_WARN_DOCUMENTATION_COMMENTS = YES;
				CLANG_WARN_EMPTY_BODY = YES;
				CLANG_WARN_ENUM_CONVERSION = YES;
				CLANG_WARN_INFINITE_RECURSION = YES;
				CLANG_WARN_INT_CONVERSION = YES;
				CLANG_WARN_NON_LITERAL_NULL_CONVERSION = YES;
				CLANG_WARN_OBJC_IMPLICIT_RETAIN_SELF = YES;
				CLANG_WARN_OBJC_LITERAL_CONVERSION = YES;
				CLANG_WARN_OBJC_ROOT_CLASS = YES_ERROR;
				CLANG_WARN_QUOTED_INCLUDE_IN_FRAMEWORK_HEADER = YES;
				CLANG_WARN_RANGE_LOOP_ANALYSIS = YES;
				CLANG_WARN_STRICT_PROTOTYPES = YES;
				CLANG_WARN_SUSPICIOUS_MOVE = YES;
				CLANG_WARN_UNGUARDED_AVAILABILITY = YES_AGGRESSIVE;
				CLANG_WARN_UNREACHABLE_CODE = YES;
				CLANG_WARN__DUPLICATE_METHOD_MATCH = YES;
				COPY_PHASE_STRIP = NO;
				DEBUG_INFORMATION_FORMAT = dwarf;
				ENABLE_STRICT_OBJC_MSGSEND = YES;
				ENABLE_TESTABILITY = YES;
				GCC_C_LANGUAGE_STANDARD = gnu11;
				GCC_DYNAMIC_NO_PIC = NO;
				GCC_NO_COMMON_BLOCKS = YES;
				GCC_OPTIMIZATION_LEVEL = 0;
				GCC_PREPROCESSOR_DEFINITIONS = (
					"DEBUG=1",
					"$(inherited)",
				);
				GCC_WARN_64_TO_32_BIT_CONVERSION = YES;
				GCC_WARN_ABOUT_RETURN_TYPE = YES_ERROR;
				GCC_WARN_UNDECLARED_SELECTOR = YES;
				GCC_WARN_UNINITIALIZED_AUTOS = YES_AGGRESSIVE;
				GCC_WARN_UNUSED_FUNCTION = YES;
				GCC_WARN_UNUSED_VARIABLE = YES;
				IPHONEOS_DEPLOYMENT_TARGET = 15.2;
				MTL_ENABLE_DEBUG_INFO = INCLUDE_SOURCE;
				MTL_FAST_MATH = YES;
				ONLY_ACTIVE_ARCH = YES;
				SDKROOT = iphoneos;
				SWIFT_ACTIVE_COMPILATION_CONDITIONS = DEBUG;
				SWIFT_OPTIMIZATION_LEVEL = "-Onone";
			};
			name = Debug;
		};
		E25DC40327AD077C00AA1228 /* Release */ = {
			isa = XCBuildConfiguration;
			buildSettings = {
				ALWAYS_SEARCH_USER_PATHS = NO;
				CLANG_ANALYZER_NONNULL = YES;
				CLANG_ANALYZER_NUMBER_OBJECT_CONVERSION = YES_AGGRESSIVE;
				CLANG_CXX_LANGUAGE_STANDARD = "gnu++17";
				CLANG_CXX_LIBRARY = "libc++";
				CLANG_ENABLE_MODULES = YES;
				CLANG_ENABLE_OBJC_ARC = YES;
				CLANG_ENABLE_OBJC_WEAK = YES;
				CLANG_WARN_BLOCK_CAPTURE_AUTORELEASING = YES;
				CLANG_WARN_BOOL_CONVERSION = YES;
				CLANG_WARN_COMMA = YES;
				CLANG_WARN_CONSTANT_CONVERSION = YES;
				CLANG_WARN_DEPRECATED_OBJC_IMPLEMENTATIONS = YES;
				CLANG_WARN_DIRECT_OBJC_ISA_USAGE = YES_ERROR;
				CLANG_WARN_DOCUMENTATION_COMMENTS = YES;
				CLANG_WARN_EMPTY_BODY = YES;
				CLANG_WARN_ENUM_CONVERSION = YES;
				CLANG_WARN_INFINITE_RECURSION = YES;
				CLANG_WARN_INT_CONVERSION = YES;
				CLANG_WARN_NON_LITERAL_NULL_CONVERSION = YES;
				CLANG_WARN_OBJC_IMPLICIT_RETAIN_SELF = YES;
				CLANG_WARN_OBJC_LITERAL_CONVERSION = YES;
				CLANG_WARN_OBJC_ROOT_CLASS = YES_ERROR;
				CLANG_WARN_QUOTED_INCLUDE_IN_FRAMEWORK_HEADER = YES;
				CLANG_WARN_RANGE_LOOP_ANALYSIS = YES;
				CLANG_WARN_STRICT_PROTOTYPES = YES;
				CLANG_WARN_SUSPICIOUS_MOVE = YES;
				CLANG_WARN_UNGUARDED_AVAILABILITY = YES_AGGRESSIVE;
				CLANG_WARN_UNREACHABLE_CODE = YES;
				CLANG_WARN__DUPLICATE_METHOD_MATCH = YES;
				COPY_PHASE_STRIP = NO;
				DEBUG_INFORMATION_FORMAT = "dwarf-with-dsym";
				ENABLE_NS_ASSERTIONS = NO;
				ENABLE_STRICT_OBJC_MSGSEND = YES;
				GCC_C_LANGUAGE_STANDARD = gnu11;
				GCC_NO_COMMON_BLOCKS = YES;
				GCC_WARN_64_TO_32_BIT_CONVERSION = YES;
				GCC_WARN_ABOUT_RETURN_TYPE = YES_ERROR;
				GCC_WARN_UNDECLARED_SELECTOR = YES;
				GCC_WARN_UNINITIALIZED_AUTOS = YES_AGGRESSIVE;
				GCC_WARN_UNUSED_FUNCTION = YES;
				GCC_WARN_UNUSED_VARIABLE = YES;
				IPHONEOS_DEPLOYMENT_TARGET = 15.2;
				MTL_ENABLE_DEBUG_INFO = NO;
				MTL_FAST_MATH = YES;
				SDKROOT = iphoneos;
				SWIFT_COMPILATION_MODE = wholemodule;
				SWIFT_OPTIMIZATION_LEVEL = "-O";
				VALIDATE_PRODUCT = YES;
			};
			name = Release;
		};
		E25DC40527AD077C00AA1228 /* Debug */ = {
			isa = XCBuildConfiguration;
			baseConfigurationReference = A160A08D2A6CF606E9142521 /* Pods-Auth-Practice.debug.xcconfig */;
			buildSettings = {
				ASSETCATALOG_COMPILER_APPICON_NAME = AppIcon;
				ASSETCATALOG_COMPILER_GLOBAL_ACCENT_COLOR_NAME = AccentColor;
				CODE_SIGN_STYLE = Automatic;
				CURRENT_PROJECT_VERSION = 1;
				DEVELOPMENT_TEAM = 53AWLX6CVV;
				GENERATE_INFOPLIST_FILE = YES;
				INFOPLIST_FILE = "Auth-Practice/Resource/Support/Info.plist";
				INFOPLIST_KEY_UIApplicationSupportsIndirectInputEvents = YES;
				INFOPLIST_KEY_UILaunchStoryboardName = LaunchScreen;
				INFOPLIST_KEY_UISupportedInterfaceOrientations_iPad = "UIInterfaceOrientationPortrait UIInterfaceOrientationPortraitUpsideDown UIInterfaceOrientationLandscapeLeft UIInterfaceOrientationLandscapeRight";
				INFOPLIST_KEY_UISupportedInterfaceOrientations_iPhone = "UIInterfaceOrientationPortrait UIInterfaceOrientationLandscapeLeft UIInterfaceOrientationLandscapeRight";
				LD_RUNPATH_SEARCH_PATHS = (
					"$(inherited)",
					"@executable_path/Frameworks",
				);
				MARKETING_VERSION = 1.0;
				PRODUCT_BUNDLE_IDENTIFIER = "net.eunseo.Auth-Practice";
				PRODUCT_NAME = "$(TARGET_NAME)";
				SWIFT_EMIT_LOC_STRINGS = YES;
				SWIFT_VERSION = 5.0;
				TARGETED_DEVICE_FAMILY = "1,2";
			};
			name = Debug;
		};
		E25DC40627AD077C00AA1228 /* Release */ = {
			isa = XCBuildConfiguration;
			baseConfigurationReference = 884DD30C4C17CAC97A4D88CC /* Pods-Auth-Practice.release.xcconfig */;
			buildSettings = {
				ASSETCATALOG_COMPILER_APPICON_NAME = AppIcon;
				ASSETCATALOG_COMPILER_GLOBAL_ACCENT_COLOR_NAME = AccentColor;
				CODE_SIGN_STYLE = Automatic;
				CURRENT_PROJECT_VERSION = 1;
				DEVELOPMENT_TEAM = 53AWLX6CVV;
				GENERATE_INFOPLIST_FILE = YES;
				INFOPLIST_FILE = "Auth-Practice/Resource/Support/Info.plist";
				INFOPLIST_KEY_UIApplicationSupportsIndirectInputEvents = YES;
				INFOPLIST_KEY_UILaunchStoryboardName = LaunchScreen;
				INFOPLIST_KEY_UISupportedInterfaceOrientations_iPad = "UIInterfaceOrientationPortrait UIInterfaceOrientationPortraitUpsideDown UIInterfaceOrientationLandscapeLeft UIInterfaceOrientationLandscapeRight";
				INFOPLIST_KEY_UISupportedInterfaceOrientations_iPhone = "UIInterfaceOrientationPortrait UIInterfaceOrientationLandscapeLeft UIInterfaceOrientationLandscapeRight";
				LD_RUNPATH_SEARCH_PATHS = (
					"$(inherited)",
					"@executable_path/Frameworks",
				);
				MARKETING_VERSION = 1.0;
				PRODUCT_BUNDLE_IDENTIFIER = "net.eunseo.Auth-Practice";
				PRODUCT_NAME = "$(TARGET_NAME)";
				SWIFT_EMIT_LOC_STRINGS = YES;
				SWIFT_VERSION = 5.0;
				TARGETED_DEVICE_FAMILY = "1,2";
			};
			name = Release;
		};
/* End XCBuildConfiguration section */

/* Begin XCConfigurationList section */
		E25DC3EB27AD077900AA1228 /* Build configuration list for PBXProject "Auth-Practice" */ = {
			isa = XCConfigurationList;
			buildConfigurations = (
				E25DC40227AD077C00AA1228 /* Debug */,
				E25DC40327AD077C00AA1228 /* Release */,
			);
			defaultConfigurationIsVisible = 0;
			defaultConfigurationName = Release;
		};
		E25DC40427AD077C00AA1228 /* Build configuration list for PBXNativeTarget "Auth-Practice" */ = {
			isa = XCConfigurationList;
			buildConfigurations = (
				E25DC40527AD077C00AA1228 /* Debug */,
				E25DC40627AD077C00AA1228 /* Release */,
			);
			defaultConfigurationIsVisible = 0;
			defaultConfigurationName = Release;
		};
/* End XCConfigurationList section */
	};
	rootObject = E25DC3E827AD077900AA1228 /* Project object */;
}
